// !$*UTF8*$!
{
	archiveVersion = 1;
	classes = {
	};
	objectVersion = 50;
	objects = {

/* Begin PBXBuildFile section */
		335DEF6122A9D8D600C62796 /* AppDelegate.swift in Sources */ = {isa = PBXBuildFile; fileRef = 335DEF6022A9D8D600C62796 /* AppDelegate.swift */; };
		335DEF6322A9D8D600C62796 /* SceneDelegate.swift in Sources */ = {isa = PBXBuildFile; fileRef = 335DEF6222A9D8D600C62796 /* SceneDelegate.swift */; };
		335DEF6A22A9D8D800C62796 /* Assets.xcassets in Resources */ = {isa = PBXBuildFile; fileRef = 335DEF6922A9D8D800C62796 /* Assets.xcassets */; };
		335DEF6D22A9D8D800C62796 /* LaunchScreen.storyboard in Resources */ = {isa = PBXBuildFile; fileRef = 335DEF6B22A9D8D800C62796 /* LaunchScreen.storyboard */; };
		335DEF7722A9D9FB00C62796 /* ProfileListViewController.swift in Sources */ = {isa = PBXBuildFile; fileRef = 335DEF7622A9D9FB00C62796 /* ProfileListViewController.swift */; };
		335DEF7922A9DA0300C62796 /* ProfileViewController.swift in Sources */ = {isa = PBXBuildFile; fileRef = 335DEF7822A9DA0300C62796 /* ProfileViewController.swift */; };
		335DEF7C22A9DCC900C62796 /* HingeTransition.swift in Sources */ = {isa = PBXBuildFile; fileRef = 335DEF7B22A9DCC900C62796 /* HingeTransition.swift */; };
/* End PBXBuildFile section */

/* Begin PBXFileReference section */
		335DEF5D22A9D8D600C62796 /* HingeTransitions.app */ = {isa = PBXFileReference; explicitFileType = wrapper.application; includeInIndex = 0; path = HingeTransitions.app; sourceTree = BUILT_PRODUCTS_DIR; };
		335DEF6022A9D8D600C62796 /* AppDelegate.swift */ = {isa = PBXFileReference; lastKnownFileType = sourcecode.swift; path = AppDelegate.swift; sourceTree = "<group>"; };
		335DEF6222A9D8D600C62796 /* SceneDelegate.swift */ = {isa = PBXFileReference; lastKnownFileType = sourcecode.swift; path = SceneDelegate.swift; sourceTree = "<group>"; };
		335DEF6922A9D8D800C62796 /* Assets.xcassets */ = {isa = PBXFileReference; lastKnownFileType = folder.assetcatalog; path = Assets.xcassets; sourceTree = "<group>"; };
		335DEF6C22A9D8D800C62796 /* Base */ = {isa = PBXFileReference; lastKnownFileType = file.storyboard; name = Base; path = Base.lproj/LaunchScreen.storyboard; sourceTree = "<group>"; };
		335DEF6E22A9D8D800C62796 /* Info.plist */ = {isa = PBXFileReference; lastKnownFileType = text.plist.xml; path = Info.plist; sourceTree = "<group>"; };
		335DEF7622A9D9FB00C62796 /* ProfileListViewController.swift */ = {isa = PBXFileReference; lastKnownFileType = sourcecode.swift; path = ProfileListViewController.swift; sourceTree = "<group>"; };
		335DEF7822A9DA0300C62796 /* ProfileViewController.swift */ = {isa = PBXFileReference; lastKnownFileType = sourcecode.swift; path = ProfileViewController.swift; sourceTree = "<group>"; };
		335DEF7B22A9DCC900C62796 /* HingeTransition.swift */ = {isa = PBXFileReference; lastKnownFileType = sourcecode.swift; path = HingeTransition.swift; sourceTree = "<group>"; };
/* End PBXFileReference section */

/* Begin PBXFrameworksBuildPhase section */
		335DEF5A22A9D8D600C62796 /* Frameworks */ = {
			isa = PBXFrameworksBuildPhase;
			buildActionMask = 2147483647;
			files = (
			);
			runOnlyForDeploymentPostprocessing = 0;
		};
/* End PBXFrameworksBuildPhase section */

/* Begin PBXGroup section */
		335DEF5422A9D8D600C62796 = {
			isa = PBXGroup;
			children = (
				335DEF5F22A9D8D600C62796 /* HingeTransitions */,
				335DEF5E22A9D8D600C62796 /* Products */,
			);
			sourceTree = "<group>";
		};
		335DEF5E22A9D8D600C62796 /* Products */ = {
			isa = PBXGroup;
			children = (
				335DEF5D22A9D8D600C62796 /* HingeTransitions.app */,
			);
			name = Products;
			sourceTree = "<group>";
		};
		335DEF5F22A9D8D600C62796 /* HingeTransitions */ = {
			isa = PBXGroup;
			children = (
				335DEF6022A9D8D600C62796 /* AppDelegate.swift */,
				335DEF6222A9D8D600C62796 /* SceneDelegate.swift */,
				335DEF7622A9D9FB00C62796 /* ProfileListViewController.swift */,
				335DEF7822A9DA0300C62796 /* ProfileViewController.swift */,
				335DEF7B22A9DCC900C62796 /* HingeTransition.swift */,
				335DEF6922A9D8D800C62796 /* Assets.xcassets */,
				335DEF6B22A9D8D800C62796 /* LaunchScreen.storyboard */,
				335DEF6E22A9D8D800C62796 /* Info.plist */,
			);
			path = HingeTransitions;
			sourceTree = "<group>";
		};
/* End PBXGroup section */

/* Begin PBXNativeTarget section */
		335DEF5C22A9D8D600C62796 /* HingeTransitions */ = {
			isa = PBXNativeTarget;
			buildConfigurationList = 335DEF7122A9D8D800C62796 /* Build configuration list for PBXNativeTarget "HingeTransitions" */;
			buildPhases = (
				335DEF5922A9D8D600C62796 /* Sources */,
				335DEF5A22A9D8D600C62796 /* Frameworks */,
				335DEF5B22A9D8D600C62796 /* Resources */,
			);
			buildRules = (
			);
			dependencies = (
			);
			name = HingeTransitions;
			productName = HingeTransitions;
			productReference = 335DEF5D22A9D8D600C62796 /* HingeTransitions.app */;
			productType = "com.apple.product-type.application";
		};
/* End PBXNativeTarget section */

/* Begin PBXProject section */
		335DEF5522A9D8D600C62796 /* Project object */ = {
			isa = PBXProject;
			attributes = {
				LastSwiftUpdateCheck = 1100;
				LastUpgradeCheck = 1100;
				ORGANIZATIONNAME = Holarc;
				TargetAttributes = {
					335DEF5C22A9D8D600C62796 = {
						CreatedOnToolsVersion = 11.0;
					};
				};
			};
			buildConfigurationList = 335DEF5822A9D8D600C62796 /* Build configuration list for PBXProject "HingeTransitions" */;
			compatibilityVersion = "Xcode 9.3";
			developmentRegion = en;
			hasScannedForEncodings = 0;
			knownRegions = (
				en,
				Base,
			);
			mainGroup = 335DEF5422A9D8D600C62796;
			productRefGroup = 335DEF5E22A9D8D600C62796 /* Products */;
			projectDirPath = "";
			projectRoot = "";
			targets = (
				335DEF5C22A9D8D600C62796 /* HingeTransitions */,
			);
		};
/* End PBXProject section */

/* Begin PBXResourcesBuildPhase section */
		335DEF5B22A9D8D600C62796 /* Resources */ = {
			isa = PBXResourcesBuildPhase;
			buildActionMask = 2147483647;
			files = (
				335DEF6D22A9D8D800C62796 /* LaunchScreen.storyboard in Resources */,
				335DEF6A22A9D8D800C62796 /* Assets.xcassets in Resources */,
			);
			runOnlyForDeploymentPostprocessing = 0;
		};
/* End PBXResourcesBuildPhase section */

/* Begin PBXSourcesBuildPhase section */
		335DEF5922A9D8D600C62796 /* Sources */ = {
			isa = PBXSourcesBuildPhase;
			buildActionMask = 2147483647;
			files = (
				335DEF6122A9D8D600C62796 /* AppDelegate.swift in Sources */,
				335DEF7722A9D9FB00C62796 /* ProfileListViewController.swift in Sources */,
				335DEF6322A9D8D600C62796 /* SceneDelegate.swift in Sources */,
				335DEF7C22A9DCC900C62796 /* HingeTransition.swift in Sources */,
				335DEF7922A9DA0300C62796 /* ProfileViewController.swift in Sources */,
			);
			runOnlyForDeploymentPostprocessing = 0;
		};
/* End PBXSourcesBuildPhase section */

/* Begin PBXVariantGroup section */
		335DEF6B22A9D8D800C62796 /* LaunchScreen.storyboard */ = {
			isa = PBXVariantGroup;
			children = (
				335DEF6C22A9D8D800C62796 /* Base */,
			);
			name = LaunchScreen.storyboard;
			sourceTree = "<group>";
		};
/* End PBXVariantGroup section */

/* Begin XCBuildConfiguration section */
		335DEF6F22A9D8D800C62796 /* Debug */ = {
			isa = XCBuildConfiguration;
			buildSettings = {
				ALWAYS_SEARCH_USER_PATHS = NO;
				CLANG_ANALYZER_NONNULL = YES;
				CLANG_ANALYZER_NUMBER_OBJECT_CONVERSION = YES_AGGRESSIVE;
				CLANG_CXX_LANGUAGE_STANDARD = "gnu++14";
				CLANG_CXX_LIBRARY = "libc++";
				CLANG_ENABLE_MODULES = YES;
				CLANG_ENABLE_OBJC_ARC = YES;
				CLANG_ENABLE_OBJC_WEAK = YES;
				CLANG_WARN_BLOCK_CAPTURE_AUTORELEASING = YES;
				CLANG_WARN_BOOL_CONVERSION = YES;
				CLANG_WARN_COMMA = YES;
				CLANG_WARN_CONSTANT_CONVERSION = YES;
				CLANG_WARN_DEPRECATED_OBJC_IMPLEMENTATIONS = YES;
				CLANG_WARN_DIRECT_OBJC_ISA_USAGE = YES_ERROR;
				CLANG_WARN_DOCUMENTATION_COMMENTS = YES;
				CLANG_WARN_EMPTY_BODY = YES;
				CLANG_WARN_ENUM_CONVERSION = YES;
				CLANG_WARN_INFINITE_RECURSION = YES;
				CLANG_WARN_INT_CONVERSION = YES;
				CLANG_WARN_NON_LITERAL_NULL_CONVERSION = YES;
				CLANG_WARN_OBJC_IMPLICIT_RETAIN_SELF = YES;
				CLANG_WARN_OBJC_LITERAL_CONVERSION = YES;
				CLANG_WARN_OBJC_ROOT_CLASS = YES_ERROR;
				CLANG_WARN_RANGE_LOOP_ANALYSIS = YES;
				CLANG_WARN_STRICT_PROTOTYPES = YES;
				CLANG_WARN_SUSPICIOUS_MOVE = YES;
				CLANG_WARN_UNGUARDED_AVAILABILITY = YES_AGGRESSIVE;
				CLANG_WARN_UNREACHABLE_CODE = YES;
				CLANG_WARN__DUPLICATE_METHOD_MATCH = YES;
				COPY_PHASE_STRIP = NO;
				DEBUG_INFORMATION_FORMAT = dwarf;
				ENABLE_STRICT_OBJC_MSGSEND = YES;
				ENABLE_TESTABILITY = YES;
				GCC_C_LANGUAGE_STANDARD = gnu11;
				GCC_DYNAMIC_NO_PIC = NO;
				GCC_NO_COMMON_BLOCKS = YES;
				GCC_OPTIMIZATION_LEVEL = 0;
				GCC_PREPROCESSOR_DEFINITIONS = (
					"DEBUG=1",
					"$(inherited)",
				);
				GCC_WARN_64_TO_32_BIT_CONVERSION = YES;
				GCC_WARN_ABOUT_RETURN_TYPE = YES_ERROR;
				GCC_WARN_UNDECLARED_SELECTOR = YES;
				GCC_WARN_UNINITIALIZED_AUTOS = YES_AGGRESSIVE;
				GCC_WARN_UNUSED_FUNCTION = YES;
				GCC_WARN_UNUSED_VARIABLE = YES;
				IPHONEOS_DEPLOYMENT_TARGET = 13.0;
				MTL_ENABLE_DEBUG_INFO = INCLUDE_SOURCE;
				MTL_FAST_MATH = YES;
				ONLY_ACTIVE_ARCH = YES;
				SDKROOT = iphoneos;
				SWIFT_ACTIVE_COMPILATION_CONDITIONS = DEBUG;
				SWIFT_OPTIMIZATION_LEVEL = "-Onone";
			};
			name = Debug;
		};
		335DEF7022A9D8D800C62796 /* Release */ = {
			isa = XCBuildConfiguration;
			buildSettings = {
				ALWAYS_SEARCH_USER_PATHS = NO;
				CLANG_ANALYZER_NONNULL = YES;
				CLANG_ANALYZER_NUMBER_OBJECT_CONVERSION = YES_AGGRESSIVE;
				CLANG_CXX_LANGUAGE_STANDARD = "gnu++14";
				CLANG_CXX_LIBRARY = "libc++";
				CLANG_ENABLE_MODULES = YES;
				CLANG_ENABLE_OBJC_ARC = YES;
				CLANG_ENABLE_OBJC_WEAK = YES;
				CLANG_WARN_BLOCK_CAPTURE_AUTORELEASING = YES;
				CLANG_WARN_BOOL_CONVERSION = YES;
				CLANG_WARN_COMMA = YES;
				CLANG_WARN_CONSTANT_CONVERSION = YES;
				CLANG_WARN_DEPRECATED_OBJC_IMPLEMENTATIONS = YES;
				CLANG_WARN_DIRECT_OBJC_ISA_USAGE = YES_ERROR;
				CLANG_WARN_DOCUMENTATION_COMMENTS = YES;
				CLANG_WARN_EMPTY_BODY = YES;
				CLANG_WARN_ENUM_CONVERSION = YES;
				CLANG_WARN_INFINITE_RECURSION = YES;
				CLANG_WARN_INT_CONVERSION = YES;
				CLANG_WARN_NON_LITERAL_NULL_CONVERSION = YES;
				CLANG_WARN_OBJC_IMPLICIT_RETAIN_SELF = YES;
				CLANG_WARN_OBJC_LITERAL_CONVERSION = YES;
				CLANG_WARN_OBJC_ROOT_CLASS = YES_ERROR;
				CLANG_WARN_RANGE_LOOP_ANALYSIS = YES;
				CLANG_WARN_STRICT_PROTOTYPES = YES;
				CLANG_WARN_SUSPICIOUS_MOVE = YES;
				CLANG_WARN_UNGUARDED_AVAILABILITY = YES_AGGRESSIVE;
				CLANG_WARN_UNREACHABLE_CODE = YES;
				CLANG_WARN__DUPLICATE_METHOD_MATCH = YES;
				COPY_PHASE_STRIP = NO;
				DEBUG_INFORMATION_FORMAT = "dwarf-with-dsym";
				ENABLE_NS_ASSERTIONS = NO;
				ENABLE_STRICT_OBJC_MSGSEND = YES;
				GCC_C_LANGUAGE_STANDARD = gnu11;
				GCC_NO_COMMON_BLOCKS = YES;
				GCC_WARN_64_TO_32_BIT_CONVERSION = YES;
				GCC_WARN_ABOUT_RETURN_TYPE = YES_ERROR;
				GCC_WARN_UNDECLARED_SELECTOR = YES;
				GCC_WARN_UNINITIALIZED_AUTOS = YES_AGGRESSIVE;
				GCC_WARN_UNUSED_FUNCTION = YES;
				GCC_WARN_UNUSED_VARIABLE = YES;
				IPHONEOS_DEPLOYMENT_TARGET = 13.0;
				MTL_ENABLE_DEBUG_INFO = NO;
				MTL_FAST_MATH = YES;
				SDKROOT = iphoneos;
				SWIFT_COMPILATION_MODE = wholemodule;
				SWIFT_OPTIMIZATION_LEVEL = "-O";
				VALIDATE_PRODUCT = YES;
			};
			name = Release;
		};
		335DEF7222A9D8D800C62796 /* Debug */ = {
			isa = XCBuildConfiguration;
			buildSettings = {
				ASSETCATALOG_COMPILER_APPICON_NAME = AppIcon;
				CODE_SIGN_STYLE = Automatic;
				DEVELOPMENT_TEAM = 7VMNH3ZPM8;
				INFOPLIST_FILE = HingeTransitions/Info.plist;
				LD_RUNPATH_SEARCH_PATHS = (
					"$(inherited)",
					"@executable_path/Frameworks",
				);
				PRODUCT_BUNDLE_IDENTIFIER = com.holarc.HingeTransitions;
				PRODUCT_NAME = "$(TARGET_NAME)";
				SWIFT_VERSION = 5.0;
				TARGETED_DEVICE_FAMILY = "1,2";
			};
			name = Debug;
		};
		335DEF7322A9D8D800C62796 /* Release */ = {
			isa = XCBuildConfiguration;
			buildSettings = {
				ASSETCATALOG_COMPILER_APPICON_NAME = AppIcon;
				CODE_SIGN_STYLE = Automatic;
				DEVELOPMENT_TEAM = 7VMNH3ZPM8;
				INFOPLIST_FILE = HingeTransitions/Info.plist;
				LD_RUNPATH_SEARCH_PATHS = (
					"$(inherited)",
					"@executable_path/Frameworks",
				);
				PRODUCT_BUNDLE_IDENTIFIER = com.holarc.HingeTransitions;
				PRODUCT_NAME = "$(TARGET_NAME)";
				SWIFT_VERSION = 5.0;
				TARGETED_DEVICE_FAMILY = "1,2";
			};
			name = Release;
		};
/* End XCBuildConfiguration section */

/* Begin XCConfigurationList section */
		335DEF5822A9D8D600C62796 /* Build configuration list for PBXProject "HingeTransitions" */ = {
			isa = XCConfigurationList;
			buildConfigurations = (
				335DEF6F22A9D8D800C62796 /* Debug */,
				335DEF7022A9D8D800C62796 /* Release */,
			);
			defaultConfigurationIsVisible = 0;
			defaultConfigurationName = Release;
		};
		335DEF7122A9D8D800C62796 /* Build configuration list for PBXNativeTarget "HingeTransitions" */ = {
			isa = XCConfigurationList;
			buildConfigurations = (
				335DEF7222A9D8D800C62796 /* Debug */,
				335DEF7322A9D8D800C62796 /* Release */,
			);
			defaultConfigurationIsVisible = 0;
			defaultConfigurationName = Release;
		};
/* End XCConfigurationList section */
	};
	rootObject = 335DEF5522A9D8D600C62796 /* Project object */;
}
